
Microsoft Visual Studio Solution File, Format Version 12.00
# Visual Studio Version 17
VisualStudioVersion = 17.14.36203.30 d17.14
MinimumVisualStudioVersion = 10.0.40219.1
Project("{FAE04EC0-301F-11D3-BF4B-00C04F79EFBC}") = "PollLibrary", "PollLibrary\PollLibrary.csproj", "{20C67EB4-E33D-497E-BD75-DBEA35774E0E}"
EndProject
Project("{FAE04EC0-301F-11D3-BF4B-00C04F79EFBC}") = "PollApi", "PollApi\PollApi.csproj", "{36596FA4-B4E7-45B1-BD92-4D2773671634}"
EndProject
Global
	GlobalSection(SolutionConfigurationPlatforms) = preSolution
		Debug|Any CPU = Debug|Any CPU
		Release|Any CPU = Release|Any CPU
	EndGlobalSection
	GlobalSection(ProjectConfigurationPlatforms) = postSolution
		{20C67EB4-E33D-497E-BD75-DBEA35774E0E}.Debug|Any CPU.ActiveCfg = Debug|Any CPU
		{20C67EB4-E33D-497E-BD75-DBEA35774E0E}.Debug|Any CPU.Build.0 = Debug|Any CPU
		{20C67EB4-E33D-497E-BD75-DBEA35774E0E}.Release|Any CPU.ActiveCfg = Release|Any CPU
		{20C67EB4-E33D-497E-BD75-DBEA35774E0E}.Release|Any CPU.Build.0 = Release|Any CPU
		{36596FA4-B4E7-45B1-BD92-4D2773671634}.Debug|Any CPU.ActiveCfg = Debug|Any CPU
		{36596FA4-B4E7-45B1-BD92-4D2773671634}.Debug|Any CPU.Build.0 = Debug|Any CPU
		{36596FA4-B4E7-45B1-BD92-4D2773671634}.Release|Any CPU.ActiveCfg = Release|Any CPU
		{36596FA4-B4E7-45B1-BD92-4D2773671634}.Release|Any CPU.Build.0 = Release|Any CPU
	EndGlobalSection
	GlobalSection(SolutionProperties) = preSolution
		HideSolutionNode = FALSE
	EndGlobalSection
	GlobalSection(ExtensibilityGlobals) = postSolution
		SolutionGuid = {9B8B9D19-C138-4DAE-AD6B-3C45B64FFEE1}
	EndGlobalSection
EndGlobal
